
Microsoft Visual Studio Solution File, Format Version 12.00
# Visual Studio Version 16
VisualStudioVersion = 16.0.31005.135
MinimumVisualStudioVersion = 10.0.40219.1
Project("{FAE04EC0-301F-11D3-BF4B-00C04F79EFBC}") = "MazeWalker", "MazeWalker.csproj", "{32EFC8BC-C284-4E31-A373-A48D2DC4F01C}"
EndProject
Global
	GlobalSection(SolutionConfigurationPlatforms) = preSolution
		Debug|Any CPU = Debug|Any CPU
		Release|Any CPU = Release|Any CPU
	EndGlobalSection
	GlobalSection(ProjectConfigurationPlatforms) = postSolution
		{32EFC8BC-C284-4E31-A373-A48D2DC4F01C}.Debug|Any CPU.ActiveCfg = Debug|Any CPU
		{32EFC8BC-C284-4E31-A373-A48D2DC4F01C}.Debug|Any CPU.Build.0 = Debug|Any CPU
		{32EFC8BC-C284-4E31-A373-A48D2DC4F01C}.Release|Any CPU.ActiveCfg = Release|Any CPU
		{32EFC8BC-C284-4E31-A373-A48D2DC4F01C}.Release|Any CPU.Build.0 = Release|Any CPU
	EndGlobalSection
	GlobalSection(SolutionProperties) = preSolution
		HideSolutionNode = FALSE
	EndGlobalSection
	GlobalSection(ExtensibilityGlobals) = postSolution
		SolutionGuid = {0A4A18A7-50DE-4A54-B30A-9A373064C052}
	EndGlobalSection
EndGlobal
